{
  "version": 4,
  "terraform_version": "1.15.1",
  "serial": 16,
  "lineage": "fd24365d-5ccb-8bac-56d4-cd16dd5bc576",
  "outputs": {},
  "resources": [
    {
      "mode": "managed",
      "type": "azurerm_resource_group",
      "name": "contoso_dev_rg",
      "provider": "provider[\"registry.terraform.io/hashicorp/azurerm\"]",
      "instances": [
        {
          "schema_version": 0,
          "attributes": {
            "id": "/subscriptions/239a12fd-fdfd-4e9d-8cec-45c05d6c6c9a/resourceGroups/alex_dev_rg",
            "location": "uksouth",
            "managed_by": "",
            "name": "alex_dev_rg",
            "tags": {
              "cost_center": "contoso research"
            },
            "timeouts": null
          },
          "sensitive_attributes": [],
          "identity_schema_version": 0,
          "identity": {
            "name": "alex_dev_rg",
            "subscription_id": "239a12fd-fdfd-4e9d-8cec-45c05d6c6c9a"
          },
          "private": "eyJlMmJmYjczMC1lY2FhLTExZTYtOGY4OC0zNDM2M2JjN2M0YzAiOnsiY3JlYXRlIjo1NDAwMDAwMDAwMDAwLCJkZWxldGUiOjU0MDAwMDAwMDAwMDAsInJlYWQiOjMwMDAwMDAwMDAwMCwidXBkYXRlIjo1NDAwMDAwMDAwMDAwfX0="
        }
      ]
    },
    {
      "mode": "managed",
      "type": "azurerm_resource_group",
      "name": "contoso_rg",
      "provider": "provider[\"registry.terraform.io/hashicorp/azurerm\"]",
      "instances": [
        {
          "schema_version": 0,
          "attributes": {
            "id": "/subscriptions/239a12fd-fdfd-4e9d-8cec-45c05d6c6c9a/resourceGroups/alex_rg_alexgras",
            "location": "uksouth",
            "managed_by": "",
            "name": "alex_rg_alexgras",
            "tags": {
              "cost_center": "contoso research"
            },
            "timeouts": null
          },
          "sensitive_attributes": [],
          "identity_schema_version": 0,
          "identity": {
            "name": "alex_rg_alexgras",
            "subscription_id": "239a12fd-fdfd-4e9d-8cec-45c05d6c6c9a"
          },
          "private": "eyJlMmJmYjczMC1lY2FhLTExZTYtOGY4OC0zNDM2M2JjN2M0YzAiOnsiY3JlYXRlIjo1NDAwMDAwMDAwMDAwLCJkZWxldGUiOjU0MDAwMDAwMDAwMDAsInJlYWQiOjMwMDAwMDAwMDAwMCwidXBkYXRlIjo1NDAwMDAwMDAwMDAwfX0="
        }
      ]
    }
  ],
  "check_results": [
    {
      "object_kind": "var",
      "config_addr": "var.region",
      "status": "pass",
      "objects": [
        {
          "object_addr": "var.region",
          "status": "pass"
        }
      ]
    }
  ]
}
