{
  "version": 4,
  "terraform_version": "1.15.1",
  "serial": 33,
  "lineage": "fd24365d-5ccb-8bac-56d4-cd16dd5bc576",
  "outputs": {
    "resource_group_ids": {
      "value": {
        "dev": "/subscriptions/239a12fd-fdfd-4e9d-8cec-45c05d6c6c9a/resourceGroups/contoso_researchAlex_dev_rg",
        "prod": "/subscriptions/239a12fd-fdfd-4e9d-8cec-45c05d6c6c9a/resourceGroups/contoso_researchAlex_prod_rg",
        "staging": "/subscriptions/239a12fd-fdfd-4e9d-8cec-45c05d6c6c9a/resourceGroups/contoso_researchAlex_staging_rg"
      },
      "type": [
        "object",
        {
          "dev": "string",
          "prod": "string",
          "staging": "string"
        }
      ]
    }
  },
  "resources": [
    {
      "mode": "managed",
      "type": "azurerm_resource_group",
      "name": "demo",
      "provider": "provider[\"registry.terraform.io/hashicorp/azurerm\"]",
      "instances": [
        {
          "index_key": "dev",
          "schema_version": 0,
          "attributes": {
            "id": "/subscriptions/239a12fd-fdfd-4e9d-8cec-45c05d6c6c9a/resourceGroups/contoso_researchAlex_dev_rg",
            "location": "northeurope",
            "managed_by": "",
            "name": "contoso_researchAlex_dev_rg",
            "tags": {
              "cost_center": "alex research"
            },
            "timeouts": null
          },
          "sensitive_attributes": [],
          "identity_schema_version": 0,
          "identity": {
            "name": "contoso_researchAlex_dev_rg",
            "subscription_id": "239a12fd-fdfd-4e9d-8cec-45c05d6c6c9a"
          },
          "private": "eyJlMmJmYjczMC1lY2FhLTExZTYtOGY4OC0zNDM2M2JjN2M0YzAiOnsiY3JlYXRlIjo1NDAwMDAwMDAwMDAwLCJkZWxldGUiOjU0MDAwMDAwMDAwMDAsInJlYWQiOjMwMDAwMDAwMDAwMCwidXBkYXRlIjo1NDAwMDAwMDAwMDAwfX0="
        },
        {
          "index_key": "prod",
          "schema_version": 0,
          "attributes": {
            "id": "/subscriptions/239a12fd-fdfd-4e9d-8cec-45c05d6c6c9a/resourceGroups/contoso_researchAlex_prod_rg",
            "location": "northeurope",
            "managed_by": "",
            "name": "contoso_researchAlex_prod_rg",
            "tags": {
              "cost_center": "alex research"
            },
            "timeouts": null
          },
          "sensitive_attributes": [],
          "identity_schema_version": 0,
          "identity": {
            "name": "contoso_researchAlex_prod_rg",
            "subscription_id": "239a12fd-fdfd-4e9d-8cec-45c05d6c6c9a"
          },
          "private": "eyJlMmJmYjczMC1lY2FhLTExZTYtOGY4OC0zNDM2M2JjN2M0YzAiOnsiY3JlYXRlIjo1NDAwMDAwMDAwMDAwLCJkZWxldGUiOjU0MDAwMDAwMDAwMDAsInJlYWQiOjMwMDAwMDAwMDAwMCwidXBkYXRlIjo1NDAwMDAwMDAwMDAwfX0="
        },
        {
          "index_key": "staging",
          "schema_version": 0,
          "attributes": {
            "id": "/subscriptions/239a12fd-fdfd-4e9d-8cec-45c05d6c6c9a/resourceGroups/contoso_researchAlex_staging_rg",
            "location": "northeurope",
            "managed_by": "",
            "name": "contoso_researchAlex_staging_rg",
            "tags": {
              "cost_center": "alex research"
            },
            "timeouts": null
          },
          "sensitive_attributes": [],
          "identity_schema_version": 0,
          "identity": {
            "name": "contoso_researchAlex_staging_rg",
            "subscription_id": "239a12fd-fdfd-4e9d-8cec-45c05d6c6c9a"
          },
          "private": "eyJlMmJmYjczMC1lY2FhLTExZTYtOGY4OC0zNDM2M2JjN2M0YzAiOnsiY3JlYXRlIjo1NDAwMDAwMDAwMDAwLCJkZWxldGUiOjU0MDAwMDAwMDAwMDAsInJlYWQiOjMwMDAwMDAwMDAwMCwidXBkYXRlIjo1NDAwMDAwMDAwMDAwfX0="
        }
      ]
    }
  ],
  "check_results": [
    {
      "object_kind": "var",
      "config_addr": "var.region",
      "status": "pass",
      "objects": [
        {
          "object_addr": "var.region",
          "status": "pass"
        }
      ]
    }
  ]
}
